
Microsoft Visual Studio Solution File, Format Version 12.00
# Visual Studio Version 16
VisualStudioVersion = 16.0.30804.86
MinimumVisualStudioVersion = 10.0.40219.1
Project("{FAE04EC0-301F-11D3-BF4B-00C04F79EFBC}") = "ApiProductCatalog", "ApiProductCatalog\ApiProductCatalog.csproj", "{39B00761-1C53-4927-AAEA-59606217EE3C}"
EndProject
Global
	GlobalSection(SolutionConfigurationPlatforms) = preSolution
		Debug|Any CPU = Debug|Any CPU
		Release|Any CPU = Release|Any CPU
	EndGlobalSection
	GlobalSection(ProjectConfigurationPlatforms) = postSolution
		{39B00761-1C53-4927-AAEA-59606217EE3C}.Debug|Any CPU.ActiveCfg = Debug|Any CPU
		{39B00761-1C53-4927-AAEA-59606217EE3C}.Debug|Any CPU.Build.0 = Debug|Any CPU
		{39B00761-1C53-4927-AAEA-59606217EE3C}.Release|Any CPU.ActiveCfg = Release|Any CPU
		{39B00761-1C53-4927-AAEA-59606217EE3C}.Release|Any CPU.Build.0 = Release|Any CPU
	EndGlobalSection
	GlobalSection(SolutionProperties) = preSolution
		HideSolutionNode = FALSE
	EndGlobalSection
	GlobalSection(ExtensibilityGlobals) = postSolution
		SolutionGuid = {20838142-42BE-4841-9578-F7F9663858DF}
	EndGlobalSection
EndGlobal
